// !$*UTF8*$!
{
	archiveVersion = 1;
	classes = {
	};
	objectVersion = 52;
	objects = {

/* Begin PBXBuildFile section */
		06138DBB25DA187C00460DBD /* AppDelegate.swift in Sources */ = {isa = PBXBuildFile; fileRef = 06138DBA25DA187C00460DBD /* AppDelegate.swift */; };
		06138DBD25DA187C00460DBD /* SceneDelegate.swift in Sources */ = {isa = PBXBuildFile; fileRef = 06138DBC25DA187C00460DBD /* SceneDelegate.swift */; };
		06138DBF25DA187C00460DBD /* ViewController.swift in Sources */ = {isa = PBXBuildFile; fileRef = 06138DBE25DA187C00460DBD /* ViewController.swift */; };
		06138DC225DA187C00460DBD /* Main.storyboard in Resources */ = {isa = PBXBuildFile; fileRef = 06138DC025DA187C00460DBD /* Main.storyboard */; };
		06138DC425DA187C00460DBD /* Assets.xcassets in Resources */ = {isa = PBXBuildFile; fileRef = 06138DC325DA187C00460DBD /* Assets.xcassets */; };
		06138DC725DA187C00460DBD /* LaunchScreen.storyboard in Resources */ = {isa = PBXBuildFile; fileRef = 06138DC525DA187C00460DBD /* LaunchScreen.storyboard */; };
		06138DD125DA19F000460DBD /* starkbank-ecdsa in Frameworks */ = {isa = PBXBuildFile; productRef = 06138DD025DA19F000460DBD /* starkbank-ecdsa */; };
		06682417261ADAC4003BE6AB /* BigInt in Frameworks */ = {isa = PBXBuildFile; productRef = 06682416261ADAC4003BE6AB /* BigInt */; };
		2FC6155A272AE24400E0D81D /* PrivateKeyTests.swift in Sources */ = {isa = PBXBuildFile; fileRef = 2FC61559272AE24400E0D81D /* PrivateKeyTests.swift */; };
		2FC6155C272AE77900E0D81D /* PublicKeyTests.swift in Sources */ = {isa = PBXBuildFile; fileRef = 2FC6155B272AE77900E0D81D /* PublicKeyTests.swift */; };
		2FC6155E272AEBDE00E0D81D /* SignatureTests.swift in Sources */ = {isa = PBXBuildFile; fileRef = 2FC6155D272AEBDE00E0D81D /* SignatureTests.swift */; };
		2FC61560272AEE4B00E0D81D /* EcdsaTests.swift in Sources */ = {isa = PBXBuildFile; fileRef = 2FC6155F272AEE4B00E0D81D /* EcdsaTests.swift */; };
/* End PBXBuildFile section */

/* Begin PBXContainerItemProxy section */
		2FC61552272ADF6500E0D81D /* PBXContainerItemProxy */ = {
			isa = PBXContainerItemProxy;
			containerPortal = 06138DAF25DA187C00460DBD /* Project object */;
			proxyType = 1;
			remoteGlobalIDString = 06138DB625DA187C00460DBD;
			remoteInfo = MyApp;
		};
/* End PBXContainerItemProxy section */

/* Begin PBXFileReference section */
		06138DB725DA187C00460DBD /* MyApp.app */ = {isa = PBXFileReference; explicitFileType = wrapper.application; includeInIndex = 0; path = MyApp.app; sourceTree = BUILT_PRODUCTS_DIR; };
		06138DBA25DA187C00460DBD /* AppDelegate.swift */ = {isa = PBXFileReference; lastKnownFileType = sourcecode.swift; path = AppDelegate.swift; sourceTree = "<group>"; };
		06138DBC25DA187C00460DBD /* SceneDelegate.swift */ = {isa = PBXFileReference; lastKnownFileType = sourcecode.swift; path = SceneDelegate.swift; sourceTree = "<group>"; };
		06138DBE25DA187C00460DBD /* ViewController.swift */ = {isa = PBXFileReference; lastKnownFileType = sourcecode.swift; path = ViewController.swift; sourceTree = "<group>"; };
		06138DC125DA187C00460DBD /* Base */ = {isa = PBXFileReference; lastKnownFileType = file.storyboard; name = Base; path = Base.lproj/Main.storyboard; sourceTree = "<group>"; };
		06138DC325DA187C00460DBD /* Assets.xcassets */ = {isa = PBXFileReference; lastKnownFileType = folder.assetcatalog; path = Assets.xcassets; sourceTree = "<group>"; };
		06138DC625DA187C00460DBD /* Base */ = {isa = PBXFileReference; lastKnownFileType = file.storyboard; name = Base; path = Base.lproj/LaunchScreen.storyboard; sourceTree = "<group>"; };
		06138DC825DA187C00460DBD /* Info.plist */ = {isa = PBXFileReference; lastKnownFileType = text.plist.xml; path = Info.plist; sourceTree = "<group>"; };
		06138DCE25DA198B00460DBD /* starkbank */ = {isa = PBXFileReference; lastKnownFileType = folder; path = starkbank; sourceTree = "<group>"; };
		2FC6154E272ADF6500E0D81D /* MyAppTests.xctest */ = {isa = PBXFileReference; explicitFileType = wrapper.cfbundle; includeInIndex = 0; path = MyAppTests.xctest; sourceTree = BUILT_PRODUCTS_DIR; };
		2FC61559272AE24400E0D81D /* PrivateKeyTests.swift */ = {isa = PBXFileReference; lastKnownFileType = sourcecode.swift; path = PrivateKeyTests.swift; sourceTree = "<group>"; };
		2FC6155B272AE77900E0D81D /* PublicKeyTests.swift */ = {isa = PBXFileReference; lastKnownFileType = sourcecode.swift; path = PublicKeyTests.swift; sourceTree = "<group>"; };
		2FC6155D272AEBDE00E0D81D /* SignatureTests.swift */ = {isa = PBXFileReference; lastKnownFileType = sourcecode.swift; path = SignatureTests.swift; sourceTree = "<group>"; };
		2FC6155F272AEE4B00E0D81D /* EcdsaTests.swift */ = {isa = PBXFileReference; lastKnownFileType = sourcecode.swift; path = EcdsaTests.swift; sourceTree = "<group>"; };
/* End PBXFileReference section */

/* Begin PBXFrameworksBuildPhase section */
		06138DB425DA187C00460DBD /* Frameworks */ = {
			isa = PBXFrameworksBuildPhase;
			buildActionMask = 2147483647;
			files = (
				06138DD125DA19F000460DBD /* starkbank-ecdsa in Frameworks */,
				06682417261ADAC4003BE6AB /* BigInt in Frameworks */,
			);
			runOnlyForDeploymentPostprocessing = 0;
		};
		2FC6154B272ADF6500E0D81D /* Frameworks */ = {
			isa = PBXFrameworksBuildPhase;
			buildActionMask = 2147483647;
			files = (
			);
			runOnlyForDeploymentPostprocessing = 0;
		};
/* End PBXFrameworksBuildPhase section */

/* Begin PBXGroup section */
		06138DAE25DA187C00460DBD = {
			isa = PBXGroup;
			children = (
				06138DCE25DA198B00460DBD /* starkbank */,
				06138DB925DA187C00460DBD /* MyApp */,
				2FC6154F272ADF6500E0D81D /* MyAppTests */,
				06138DB825DA187C00460DBD /* Products */,
				06138DCF25DA19F000460DBD /* Frameworks */,
			);
			sourceTree = "<group>";
		};
		06138DB825DA187C00460DBD /* Products */ = {
			isa = PBXGroup;
			children = (
				06138DB725DA187C00460DBD /* MyApp.app */,
				2FC6154E272ADF6500E0D81D /* MyAppTests.xctest */,
			);
			name = Products;
			sourceTree = "<group>";
		};
		06138DB925DA187C00460DBD /* MyApp */ = {
			isa = PBXGroup;
			children = (
				06138DBA25DA187C00460DBD /* AppDelegate.swift */,
				06138DBC25DA187C00460DBD /* SceneDelegate.swift */,
				06138DBE25DA187C00460DBD /* ViewController.swift */,
				06138DC025DA187C00460DBD /* Main.storyboard */,
				06138DC325DA187C00460DBD /* Assets.xcassets */,
				06138DC525DA187C00460DBD /* LaunchScreen.storyboard */,
				06138DC825DA187C00460DBD /* Info.plist */,
			);
			path = MyApp;
			sourceTree = "<group>";
		};
		06138DCF25DA19F000460DBD /* Frameworks */ = {
			isa = PBXGroup;
			children = (
			);
			name = Frameworks;
			sourceTree = "<group>";
		};
		2FC6154F272ADF6500E0D81D /* MyAppTests */ = {
			isa = PBXGroup;
			children = (
				2FC61559272AE24400E0D81D /* PrivateKeyTests.swift */,
				2FC6155B272AE77900E0D81D /* PublicKeyTests.swift */,
				2FC6155D272AEBDE00E0D81D /* SignatureTests.swift */,
				2FC6155F272AEE4B00E0D81D /* EcdsaTests.swift */,
			);
			path = MyAppTests;
			sourceTree = "<group>";
		};
/* End PBXGroup section */

/* Begin PBXNativeTarget section */
		06138DB625DA187C00460DBD /* MyApp */ = {
			isa = PBXNativeTarget;
			buildConfigurationList = 06138DCB25DA187C00460DBD /* Build configuration list for PBXNativeTarget "MyApp" */;
			buildPhases = (
				06138DB325DA187C00460DBD /* Sources */,
				06138DB425DA187C00460DBD /* Frameworks */,
				06138DB525DA187C00460DBD /* Resources */,
			);
			buildRules = (
			);
			dependencies = (
			);
			name = MyApp;
			packageProductDependencies = (
				06138DD025DA19F000460DBD /* starkbank-ecdsa */,
				06682416261ADAC4003BE6AB /* BigInt */,
			);
			productName = MyApp;
			productReference = 06138DB725DA187C00460DBD /* MyApp.app */;
			productType = "com.apple.product-type.application";
		};
		2FC6154D272ADF6500E0D81D /* MyAppTests */ = {
			isa = PBXNativeTarget;
			buildConfigurationList = 2FC61556272ADF6500E0D81D /* Build configuration list for PBXNativeTarget "MyAppTests" */;
			buildPhases = (
				2FC6154A272ADF6500E0D81D /* Sources */,
				2FC6154B272ADF6500E0D81D /* Frameworks */,
				2FC6154C272ADF6500E0D81D /* Resources */,
			);
			buildRules = (
			);
			dependencies = (
				2FC61553272ADF6500E0D81D /* PBXTargetDependency */,
			);
			name = MyAppTests;
			productName = MyAppTests;
			productReference = 2FC6154E272ADF6500E0D81D /* MyAppTests.xctest */;
			productType = "com.apple.product-type.bundle.unit-test";
		};
/* End PBXNativeTarget section */

/* Begin PBXProject section */
		06138DAF25DA187C00460DBD /* Project object */ = {
			isa = PBXProject;
			attributes = {
				LastSwiftUpdateCheck = 1300;
				LastUpgradeCheck = 1130;
				ORGANIZATIONNAME = "Stark Bank";
				TargetAttributes = {
					06138DB625DA187C00460DBD = {
						CreatedOnToolsVersion = 11.3;
					};
					2FC6154D272ADF6500E0D81D = {
						CreatedOnToolsVersion = 13.0;
						TestTargetID = 06138DB625DA187C00460DBD;
					};
				};
			};
			buildConfigurationList = 06138DB225DA187C00460DBD /* Build configuration list for PBXProject "MyApp" */;
			compatibilityVersion = "Xcode 9.3";
			developmentRegion = en;
			hasScannedForEncodings = 0;
			knownRegions = (
				en,
				Base,
			);
			mainGroup = 06138DAE25DA187C00460DBD;
			packageReferences = (
				06138DD225DAA0FE00460DBD /* XCRemoteSwiftPackageReference "BigInt" */,
			);
			productRefGroup = 06138DB825DA187C00460DBD /* Products */;
			projectDirPath = "";
			projectRoot = "";
			targets = (
				06138DB625DA187C00460DBD /* MyApp */,
				2FC6154D272ADF6500E0D81D /* MyAppTests */,
			);
		};
/* End PBXProject section */

/* Begin PBXResourcesBuildPhase section */
		06138DB525DA187C00460DBD /* Resources */ = {
			isa = PBXResourcesBuildPhase;
			buildActionMask = 2147483647;
			files = (
				06138DC725DA187C00460DBD /* LaunchScreen.storyboard in Resources */,
				06138DC425DA187C00460DBD /* Assets.xcassets in Resources */,
				06138DC225DA187C00460DBD /* Main.storyboard in Resources */,
			);
			runOnlyForDeploymentPostprocessing = 0;
		};
		2FC6154C272ADF6500E0D81D /* Resources */ = {
			isa = PBXResourcesBuildPhase;
			buildActionMask = 2147483647;
			files = (
			);
			runOnlyForDeploymentPostprocessing = 0;
		};
/* End PBXResourcesBuildPhase section */

/* Begin PBXSourcesBuildPhase section */
		06138DB325DA187C00460DBD /* Sources */ = {
			isa = PBXSourcesBuildPhase;
			buildActionMask = 2147483647;
			files = (
				06138DBF25DA187C00460DBD /* ViewController.swift in Sources */,
				06138DBB25DA187C00460DBD /* AppDelegate.swift in Sources */,
				06138DBD25DA187C00460DBD /* SceneDelegate.swift in Sources */,
			);
			runOnlyForDeploymentPostprocessing = 0;
		};
		2FC6154A272ADF6500E0D81D /* Sources */ = {
			isa = PBXSourcesBuildPhase;
			buildActionMask = 2147483647;
			files = (
				2FC6155C272AE77900E0D81D /* PublicKeyTests.swift in Sources */,
				2FC6155E272AEBDE00E0D81D /* SignatureTests.swift in Sources */,
				2FC61560272AEE4B00E0D81D /* EcdsaTests.swift in Sources */,
				2FC6155A272AE24400E0D81D /* PrivateKeyTests.swift in Sources */,
			);
			runOnlyForDeploymentPostprocessing = 0;
		};
/* End PBXSourcesBuildPhase section */

/* Begin PBXTargetDependency section */
		2FC61553272ADF6500E0D81D /* PBXTargetDependency */ = {
			isa = PBXTargetDependency;
			target = 06138DB625DA187C00460DBD /* MyApp */;
			targetProxy = 2FC61552272ADF6500E0D81D /* PBXContainerItemProxy */;
		};
/* End PBXTargetDependency section */

/* Begin PBXVariantGroup section */
		06138DC025DA187C00460DBD /* Main.storyboard */ = {
			isa = PBXVariantGroup;
			children = (
				06138DC125DA187C00460DBD /* Base */,
			);
			name = Main.storyboard;
			sourceTree = "<group>";
		};
		06138DC525DA187C00460DBD /* LaunchScreen.storyboard */ = {
			isa = PBXVariantGroup;
			children = (
				06138DC625DA187C00460DBD /* Base */,
			);
			name = LaunchScreen.storyboard;
			sourceTree = "<group>";
		};
/* End PBXVariantGroup section */

/* Begin XCBuildConfiguration section */
		06138DC925DA187C00460DBD /* Debug */ = {
			isa = XCBuildConfiguration;
			buildSettings = {
				ALWAYS_SEARCH_USER_PATHS = NO;
				CLANG_ANALYZER_NONNULL = YES;
				CLANG_ANALYZER_NUMBER_OBJECT_CONVERSION = YES_AGGRESSIVE;
				CLANG_CXX_LANGUAGE_STANDARD = "gnu++14";
				CLANG_CXX_LIBRARY = "libc++";
				CLANG_ENABLE_MODULES = YES;
				CLANG_ENABLE_OBJC_ARC = YES;
				CLANG_ENABLE_OBJC_WEAK = YES;
				CLANG_WARN_BLOCK_CAPTURE_AUTORELEASING = YES;
				CLANG_WARN_BOOL_CONVERSION = YES;
				CLANG_WARN_COMMA = YES;
				CLANG_WARN_CONSTANT_CONVERSION = YES;
				CLANG_WARN_DEPRECATED_OBJC_IMPLEMENTATIONS = YES;
				CLANG_WARN_DIRECT_OBJC_ISA_USAGE = YES_ERROR;
				CLANG_WARN_DOCUMENTATION_COMMENTS = YES;
				CLANG_WARN_EMPTY_BODY = YES;
				CLANG_WARN_ENUM_CONVERSION = YES;
				CLANG_WARN_INFINITE_RECURSION = YES;
				CLANG_WARN_INT_CONVERSION = YES;
				CLANG_WARN_NON_LITERAL_NULL_CONVERSION = YES;
				CLANG_WARN_OBJC_IMPLICIT_RETAIN_SELF = YES;
				CLANG_WARN_OBJC_LITERAL_CONVERSION = YES;
				CLANG_WARN_OBJC_ROOT_CLASS = YES_ERROR;
				CLANG_WARN_RANGE_LOOP_ANALYSIS = YES;
				CLANG_WARN_STRICT_PROTOTYPES = YES;
				CLANG_WARN_SUSPICIOUS_MOVE = YES;
				CLANG_WARN_UNGUARDED_AVAILABILITY = YES_AGGRESSIVE;
				CLANG_WARN_UNREACHABLE_CODE = YES;
				CLANG_WARN__DUPLICATE_METHOD_MATCH = YES;
				COPY_PHASE_STRIP = NO;
				DEBUG_INFORMATION_FORMAT = dwarf;
				ENABLE_STRICT_OBJC_MSGSEND = YES;
				ENABLE_TESTABILITY = YES;
				GCC_C_LANGUAGE_STANDARD = gnu11;
				GCC_DYNAMIC_NO_PIC = NO;
				GCC_NO_COMMON_BLOCKS = YES;
				GCC_OPTIMIZATION_LEVEL = 0;
				GCC_PREPROCESSOR_DEFINITIONS = (
					"DEBUG=1",
					"$(inherited)",
				);
				GCC_WARN_64_TO_32_BIT_CONVERSION = YES;
				GCC_WARN_ABOUT_RETURN_TYPE = YES_ERROR;
				GCC_WARN_UNDECLARED_SELECTOR = YES;
				GCC_WARN_UNINITIALIZED_AUTOS = YES_AGGRESSIVE;
				GCC_WARN_UNUSED_FUNCTION = YES;
				GCC_WARN_UNUSED_VARIABLE = YES;
				IPHONEOS_DEPLOYMENT_TARGET = 13.2;
				MTL_ENABLE_DEBUG_INFO = INCLUDE_SOURCE;
				MTL_FAST_MATH = YES;
				ONLY_ACTIVE_ARCH = YES;
				SDKROOT = iphoneos;
				SWIFT_ACTIVE_COMPILATION_CONDITIONS = DEBUG;
				SWIFT_OPTIMIZATION_LEVEL = "-Onone";
			};
			name = Debug;
		};
		06138DCA25DA187C00460DBD /* Release */ = {
			isa = XCBuildConfiguration;
			buildSettings = {
				ALWAYS_SEARCH_USER_PATHS = NO;
				CLANG_ANALYZER_NONNULL = YES;
				CLANG_ANALYZER_NUMBER_OBJECT_CONVERSION = YES_AGGRESSIVE;
				CLANG_CXX_LANGUAGE_STANDARD = "gnu++14";
				CLANG_CXX_LIBRARY = "libc++";
				CLANG_ENABLE_MODULES = YES;
				CLANG_ENABLE_OBJC_ARC = YES;
				CLANG_ENABLE_OBJC_WEAK = YES;
				CLANG_WARN_BLOCK_CAPTURE_AUTORELEASING = YES;
				CLANG_WARN_BOOL_CONVERSION = YES;
				CLANG_WARN_COMMA = YES;
				CLANG_WARN_CONSTANT_CONVERSION = YES;
				CLANG_WARN_DEPRECATED_OBJC_IMPLEMENTATIONS = YES;
				CLANG_WARN_DIRECT_OBJC_ISA_USAGE = YES_ERROR;
				CLANG_WARN_DOCUMENTATION_COMMENTS = YES;
				CLANG_WARN_EMPTY_BODY = YES;
				CLANG_WARN_ENUM_CONVERSION = YES;
				CLANG_WARN_INFINITE_RECURSION = YES;
				CLANG_WARN_INT_CONVERSION = YES;
				CLANG_WARN_NON_LITERAL_NULL_CONVERSION = YES;
				CLANG_WARN_OBJC_IMPLICIT_RETAIN_SELF = YES;
				CLANG_WARN_OBJC_LITERAL_CONVERSION = YES;
				CLANG_WARN_OBJC_ROOT_CLASS = YES_ERROR;
				CLANG_WARN_RANGE_LOOP_ANALYSIS = YES;
				CLANG_WARN_STRICT_PROTOTYPES = YES;
				CLANG_WARN_SUSPICIOUS_MOVE = YES;
				CLANG_WARN_UNGUARDED_AVAILABILITY = YES_AGGRESSIVE;
				CLANG_WARN_UNREACHABLE_CODE = YES;
				CLANG_WARN__DUPLICATE_METHOD_MATCH = YES;
				COPY_PHASE_STRIP = NO;
				DEBUG_INFORMATION_FORMAT = "dwarf-with-dsym";
				ENABLE_NS_ASSERTIONS = NO;
				ENABLE_STRICT_OBJC_MSGSEND = YES;
				GCC_C_LANGUAGE_STANDARD = gnu11;
				GCC_NO_COMMON_BLOCKS = YES;
				GCC_WARN_64_TO_32_BIT_CONVERSION = YES;
				GCC_WARN_ABOUT_RETURN_TYPE = YES_ERROR;
				GCC_WARN_UNDECLARED_SELECTOR = YES;
				GCC_WARN_UNINITIALIZED_AUTOS = YES_AGGRESSIVE;
				GCC_WARN_UNUSED_FUNCTION = YES;
				GCC_WARN_UNUSED_VARIABLE = YES;
				IPHONEOS_DEPLOYMENT_TARGET = 13.2;
				MTL_ENABLE_DEBUG_INFO = NO;
				MTL_FAST_MATH = YES;
				SDKROOT = iphoneos;
				SWIFT_COMPILATION_MODE = wholemodule;
				SWIFT_OPTIMIZATION_LEVEL = "-O";
				VALIDATE_PRODUCT = YES;
			};
			name = Release;
		};
		06138DCC25DA187C00460DBD /* Debug */ = {
			isa = XCBuildConfiguration;
			buildSettings = {
				ASSETCATALOG_COMPILER_APPICON_NAME = AppIcon;
				CODE_SIGN_STYLE = Automatic;
				INFOPLIST_FILE = MyApp/Info.plist;
				LD_RUNPATH_SEARCH_PATHS = (
					"$(inherited)",
					"@executable_path/Frameworks",
				);
				PRODUCT_BUNDLE_IDENTIFIER = com.starkbank.MyApp;
				PRODUCT_NAME = "$(TARGET_NAME)";
				SWIFT_VERSION = 5.0;
				TARGETED_DEVICE_FAMILY = "1,2";
			};
			name = Debug;
		};
		06138DCD25DA187C00460DBD /* Release */ = {
			isa = XCBuildConfiguration;
			buildSettings = {
				ASSETCATALOG_COMPILER_APPICON_NAME = AppIcon;
				CODE_SIGN_STYLE = Automatic;
				INFOPLIST_FILE = MyApp/Info.plist;
				LD_RUNPATH_SEARCH_PATHS = (
					"$(inherited)",
					"@executable_path/Frameworks",
				);
				PRODUCT_BUNDLE_IDENTIFIER = com.starkbank.MyApp;
				PRODUCT_NAME = "$(TARGET_NAME)";
				SWIFT_VERSION = 5.0;
				TARGETED_DEVICE_FAMILY = "1,2";
			};
			name = Release;
		};
		2FC61554272ADF6500E0D81D /* Debug */ = {
			isa = XCBuildConfiguration;
			buildSettings = {
				BUNDLE_LOADER = "$(TEST_HOST)";
				CLANG_CXX_LANGUAGE_STANDARD = "gnu++17";
				CLANG_WARN_QUOTED_INCLUDE_IN_FRAMEWORK_HEADER = YES;
				CODE_SIGN_STYLE = Automatic;
				CURRENT_PROJECT_VERSION = 1;
				GENERATE_INFOPLIST_FILE = YES;
				IPHONEOS_DEPLOYMENT_TARGET = 15.0;
				LD_RUNPATH_SEARCH_PATHS = (
					"$(inherited)",
					"@executable_path/Frameworks",
					"@loader_path/Frameworks",
				);
				MARKETING_VERSION = 1.0;
				PRODUCT_BUNDLE_IDENTIFIER = com.starkbank.MyAppTests;
				PRODUCT_NAME = "$(TARGET_NAME)";
				SWIFT_EMIT_LOC_STRINGS = NO;
				SWIFT_VERSION = 5.0;
				TARGETED_DEVICE_FAMILY = "1,2";
				TEST_HOST = "$(BUILT_PRODUCTS_DIR)/MyApp.app/MyApp";
			};
			name = Debug;
		};
		2FC61555272ADF6500E0D81D /* Release */ = {
			isa = XCBuildConfiguration;
			buildSettings = {
				BUNDLE_LOADER = "$(TEST_HOST)";
				CLANG_CXX_LANGUAGE_STANDARD = "gnu++17";
				CLANG_WARN_QUOTED_INCLUDE_IN_FRAMEWORK_HEADER = YES;
				CODE_SIGN_STYLE = Automatic;
				CURRENT_PROJECT_VERSION = 1;
				GENERATE_INFOPLIST_FILE = YES;
				IPHONEOS_DEPLOYMENT_TARGET = 15.0;
				LD_RUNPATH_SEARCH_PATHS = (
					"$(inherited)",
					"@executable_path/Frameworks",
					"@loader_path/Frameworks",
				);
				MARKETING_VERSION = 1.0;
				PRODUCT_BUNDLE_IDENTIFIER = com.starkbank.MyAppTests;
				PRODUCT_NAME = "$(TARGET_NAME)";
				SWIFT_EMIT_LOC_STRINGS = NO;
				SWIFT_VERSION = 5.0;
				TARGETED_DEVICE_FAMILY = "1,2";
				TEST_HOST = "$(BUILT_PRODUCTS_DIR)/MyApp.app/MyApp";
			};
			name = Release;
		};
/* End XCBuildConfiguration section */

/* Begin XCConfigurationList section */
		06138DB225DA187C00460DBD /* Build configuration list for PBXProject "MyApp" */ = {
			isa = XCConfigurationList;
			buildConfigurations = (
				06138DC925DA187C00460DBD /* Debug */,
				06138DCA25DA187C00460DBD /* Release */,
			);
			defaultConfigurationIsVisible = 0;
			defaultConfigurationName = Release;
		};
		06138DCB25DA187C00460DBD /* Build configuration list for PBXNativeTarget "MyApp" */ = {
			isa = XCConfigurationList;
			buildConfigurations = (
				06138DCC25DA187C00460DBD /* Debug */,
				06138DCD25DA187C00460DBD /* Release */,
			);
			defaultConfigurationIsVisible = 0;
			defaultConfigurationName = Release;
		};
		2FC61556272ADF6500E0D81D /* Build configuration list for PBXNativeTarget "MyAppTests" */ = {
			isa = XCConfigurationList;
			buildConfigurations = (
				2FC61554272ADF6500E0D81D /* Debug */,
				2FC61555272ADF6500E0D81D /* Release */,
			);
			defaultConfigurationIsVisible = 0;
			defaultConfigurationName = Release;
		};
/* End XCConfigurationList section */

/* Begin XCRemoteSwiftPackageReference section */
		06138DD225DAA0FE00460DBD /* XCRemoteSwiftPackageReference "BigInt" */ = {
			isa = XCRemoteSwiftPackageReference;
			repositoryURL = "https://github.com/attaswift/BigInt.git";
			requirement = {
				kind = upToNextMajorVersion;
				minimumVersion = 5.2.1;
			};
		};
/* End XCRemoteSwiftPackageReference section */

/* Begin XCSwiftPackageProductDependency section */
		06138DD025DA19F000460DBD /* starkbank-ecdsa */ = {
			isa = XCSwiftPackageProductDependency;
			productName = "starkbank-ecdsa";
		};
		06682416261ADAC4003BE6AB /* BigInt */ = {
			isa = XCSwiftPackageProductDependency;
			package = 06138DD225DAA0FE00460DBD /* XCRemoteSwiftPackageReference "BigInt" */;
			productName = BigInt;
		};
/* End XCSwiftPackageProductDependency section */
	};
	rootObject = 06138DAF25DA187C00460DBD /* Project object */;
}
